
Microsoft Visual Studio Solution File, Format Version 12.00
# Visual Studio 15
VisualStudioVersion = 15.0.28010.2048
MinimumVisualStudioVersion = 10.0.40219.1
Project("{FAE04EC0-301F-11D3-BF4B-00C04F79EFBC}") = "p3", "p3\p3.csproj", "{845B0A57-4EEF-474A-BA5B-5097DD78E489}"
EndProject
Global
	GlobalSection(SolutionConfigurationPlatforms) = preSolution
		Debug|Any CPU = Debug|Any CPU
		Release|Any CPU = Release|Any CPU
	EndGlobalSection
	GlobalSection(ProjectConfigurationPlatforms) = postSolution
		{845B0A57-4EEF-474A-BA5B-5097DD78E489}.Debug|Any CPU.ActiveCfg = Debug|Any CPU
		{845B0A57-4EEF-474A-BA5B-5097DD78E489}.Debug|Any CPU.Build.0 = Debug|Any CPU
		{845B0A57-4EEF-474A-BA5B-5097DD78E489}.Release|Any CPU.ActiveCfg = Release|Any CPU
		{845B0A57-4EEF-474A-BA5B-5097DD78E489}.Release|Any CPU.Build.0 = Release|Any CPU
	EndGlobalSection
	GlobalSection(SolutionProperties) = preSolution
		HideSolutionNode = FALSE
	EndGlobalSection
	GlobalSection(ExtensibilityGlobals) = postSolution
		SolutionGuid = {D9BEB266-0DA7-4D5C-9B1C-416FA2813FE3}
	EndGlobalSection
EndGlobal
